
Microsoft Visual Studio Solution File, Format Version 12.00
# Visual Studio 15
VisualStudioVersion = 15.0.33026.149
MinimumVisualStudioVersion = 10.0.40219.1
Project("{FAE04EC0-301F-11D3-BF4B-00C04F79EFBC}") = "7.Getting User Input", "7.Getting User Input\7.Getting User Input.csproj", "{D5473E03-A74B-4F25-BA72-A80D7DC64F7C}"
EndProject
Global
	GlobalSection(SolutionConfigurationPlatforms) = preSolution
		Debug|Any CPU = Debug|Any CPU
		Release|Any CPU = Release|Any CPU
	EndGlobalSection
	GlobalSection(ProjectConfigurationPlatforms) = postSolution
		{D5473E03-A74B-4F25-BA72-A80D7DC64F7C}.Debug|Any CPU.ActiveCfg = Debug|Any CPU
		{D5473E03-A74B-4F25-BA72-A80D7DC64F7C}.Debug|Any CPU.Build.0 = Debug|Any CPU
		{D5473E03-A74B-4F25-BA72-A80D7DC64F7C}.Release|Any CPU.ActiveCfg = Release|Any CPU
		{D5473E03-A74B-4F25-BA72-A80D7DC64F7C}.Release|Any CPU.Build.0 = Release|Any CPU
	EndGlobalSection
	GlobalSection(SolutionProperties) = preSolution
		HideSolutionNode = FALSE
	EndGlobalSection
	GlobalSection(ExtensibilityGlobals) = postSolution
		SolutionGuid = {1EF21539-06C5-4999-BBF8-DEC711D71EE8}
	EndGlobalSection
EndGlobal
